// !$*UTF8*$!
{
	archiveVersion = 1;
	classes = {
	};
	objectVersion = 77;
	objects = {

/* Begin PBXContainerItemProxy section */
		8509BF642D665610002181BF /* PBXContainerItemProxy */ = {
			isa = PBXContainerItemProxy;
			containerPortal = 8509BF452D66560F002181BF /* Project object */;
			proxyType = 1;
			remoteGlobalIDString = 8509BF4C2D66560F002181BF;
			remoteInfo = SpeedDatingScheduler;
		};
		8509BF6E2D665610002181BF /* PBXContainerItemProxy */ = {
			isa = PBXContainerItemProxy;
			containerPortal = 8509BF452D66560F002181BF /* Project object */;
			proxyType = 1;
			remoteGlobalIDString = 8509BF4C2D66560F002181BF;
			remoteInfo = SpeedDatingScheduler;
		};
/* End PBXContainerItemProxy section */

/* Begin PBXFileReference section */
		8509BF4D2D66560F002181BF /* SpeedDatingScheduler.app */ = {isa = PBXFileReference; explicitFileType = wrapper.application; includeInIndex = 0; path = SpeedDatingScheduler.app; sourceTree = BUILT_PRODUCTS_DIR; };
		8509BF632D665610002181BF /* SpeedDatingSchedulerTests.xctest */ = {isa = PBXFileReference; explicitFileType = wrapper.cfbundle; includeInIndex = 0; path = SpeedDatingSchedulerTests.xctest; sourceTree = BUILT_PRODUCTS_DIR; };
		8509BF6D2D665610002181BF /* SpeedDatingSchedulerUITests.xctest */ = {isa = PBXFileReference; explicitFileType = wrapper.cfbundle; includeInIndex = 0; path = SpeedDatingSchedulerUITests.xctest; sourceTree = BUILT_PRODUCTS_DIR; };
/* End PBXFileReference section */

/* Begin PBXFileSystemSynchronizedBuildFileExceptionSet section */
		8509BF752D665610002181BF /* Exceptions for "SpeedDatingScheduler" folder in "SpeedDatingScheduler" target */ = {
			isa = PBXFileSystemSynchronizedBuildFileExceptionSet;
			membershipExceptions = (
				Info.plist,
			);
			target = 8509BF4C2D66560F002181BF /* SpeedDatingScheduler */;
		};
/* End PBXFileSystemSynchronizedBuildFileExceptionSet section */

/* Begin PBXFileSystemSynchronizedRootGroup section */
		8509BF4F2D66560F002181BF /* SpeedDatingScheduler */ = {
			isa = PBXFileSystemSynchronizedRootGroup;
			exceptions = (
				8509BF752D665610002181BF /* Exceptions for "SpeedDatingScheduler" folder in "SpeedDatingScheduler" target */,
			);
			path = SpeedDatingScheduler;
			sourceTree = "<group>";
		};
		8509BF662D665610002181BF /* SpeedDatingSchedulerTests */ = {
			isa = PBXFileSystemSynchronizedRootGroup;
			path = SpeedDatingSchedulerTests;
			sourceTree = "<group>";
		};
		8509BF702D665610002181BF /* SpeedDatingSchedulerUITests */ = {
			isa = PBXFileSystemSynchronizedRootGroup;
			path = SpeedDatingSchedulerUITests;
			sourceTree = "<group>";
		};
/* End PBXFileSystemSynchronizedRootGroup section */

/* Begin PBXFrameworksBuildPhase section */
		8509BF4A2D66560F002181BF /* Frameworks */ = {
			isa = PBXFrameworksBuildPhase;
			buildActionMask = 2147483647;
			files = (
			);
			runOnlyForDeploymentPostprocessing = 0;
		};
		8509BF602D665610002181BF /* Frameworks */ = {
			isa = PBXFrameworksBuildPhase;
			buildActionMask = 2147483647;
			files = (
			);
			runOnlyForDeploymentPostprocessing = 0;
		};
		8509BF6A2D665610002181BF /* Frameworks */ = {
			isa = PBXFrameworksBuildPhase;
			buildActionMask = 2147483647;
			files = (
			);
			runOnlyForDeploymentPostprocessing = 0;
		};
/* End PBXFrameworksBuildPhase section */

/* Begin PBXGroup section */
		8509BF442D66560F002181BF = {
			isa = PBXGroup;
			children = (
				8509BF4F2D66560F002181BF /* SpeedDatingScheduler */,
				8509BF662D665610002181BF /* SpeedDatingSchedulerTests */,
				8509BF702D665610002181BF /* SpeedDatingSchedulerUITests */,
				8509BF4E2D66560F002181BF /* Products */,
			);
			sourceTree = "<group>";
		};
		8509BF4E2D66560F002181BF /* Products */ = {
			isa = PBXGroup;
			children = (
				8509BF4D2D66560F002181BF /* SpeedDatingScheduler.app */,
				8509BF632D665610002181BF /* SpeedDatingSchedulerTests.xctest */,
				8509BF6D2D665610002181BF /* SpeedDatingSchedulerUITests.xctest */,
			);
			name = Products;
			sourceTree = "<group>";
		};
/* End PBXGroup section */

/* Begin PBXNativeTarget section */
		8509BF4C2D66560F002181BF /* SpeedDatingScheduler */ = {
			isa = PBXNativeTarget;
			buildConfigurationList = 8509BF762D665610002181BF /* Build configuration list for PBXNativeTarget "SpeedDatingScheduler" */;
			buildPhases = (
				8509BF492D66560F002181BF /* Sources */,
				8509BF4A2D66560F002181BF /* Frameworks */,
				8509BF4B2D66560F002181BF /* Resources */,
			);
			buildRules = (
			);
			dependencies = (
			);
			fileSystemSynchronizedGroups = (
				8509BF4F2D66560F002181BF /* SpeedDatingScheduler */,
			);
			name = SpeedDatingScheduler;
			packageProductDependencies = (
			);
			productName = SpeedDatingScheduler;
			productReference = 8509BF4D2D66560F002181BF /* SpeedDatingScheduler.app */;
			productType = "com.apple.product-type.application";
		};
		8509BF622D665610002181BF /* SpeedDatingSchedulerTests */ = {
			isa = PBXNativeTarget;
			buildConfigurationList = 8509BF7B2D665610002181BF /* Build configuration list for PBXNativeTarget "SpeedDatingSchedulerTests" */;
			buildPhases = (
				8509BF5F2D665610002181BF /* Sources */,
				8509BF602D665610002181BF /* Frameworks */,
				8509BF612D665610002181BF /* Resources */,
			);
			buildRules = (
			);
			dependencies = (
				8509BF652D665610002181BF /* PBXTargetDependency */,
			);
			fileSystemSynchronizedGroups = (
				8509BF662D665610002181BF /* SpeedDatingSchedulerTests */,
			);
			name = SpeedDatingSchedulerTests;
			packageProductDependencies = (
			);
			productName = SpeedDatingSchedulerTests;
			productReference = 8509BF632D665610002181BF /* SpeedDatingSchedulerTests.xctest */;
			productType = "com.apple.product-type.bundle.unit-test";
		};
		8509BF6C2D665610002181BF /* SpeedDatingSchedulerUITests */ = {
			isa = PBXNativeTarget;
			buildConfigurationList = 8509BF7E2D665610002181BF /* Build configuration list for PBXNativeTarget "SpeedDatingSchedulerUITests" */;
			buildPhases = (
				8509BF692D665610002181BF /* Sources */,
				8509BF6A2D665610002181BF /* Frameworks */,
				8509BF6B2D665610002181BF /* Resources */,
			);
			buildRules = (
			);
			dependencies = (
				8509BF6F2D665610002181BF /* PBXTargetDependency */,
			);
			fileSystemSynchronizedGroups = (
				8509BF702D665610002181BF /* SpeedDatingSchedulerUITests */,
			);
			name = SpeedDatingSchedulerUITests;
			packageProductDependencies = (
			);
			productName = SpeedDatingSchedulerUITests;
			productReference = 8509BF6D2D665610002181BF /* SpeedDatingSchedulerUITests.xctest */;
			productType = "com.apple.product-type.bundle.ui-testing";
		};
/* End PBXNativeTarget section */

/* Begin PBXProject section */
		8509BF452D66560F002181BF /* Project object */ = {
			isa = PBXProject;
			attributes = {
				BuildIndependentTargetsInParallel = 1;
				LastSwiftUpdateCheck = 1610;
				LastUpgradeCheck = 1610;
				TargetAttributes = {
					8509BF4C2D66560F002181BF = {
						CreatedOnToolsVersion = 16.1;
					};
					8509BF622D665610002181BF = {
						CreatedOnToolsVersion = 16.1;
						TestTargetID = 8509BF4C2D66560F002181BF;
					};
					8509BF6C2D665610002181BF = {
						CreatedOnToolsVersion = 16.1;
						TestTargetID = 8509BF4C2D66560F002181BF;
					};
				};
			};
			buildConfigurationList = 8509BF482D66560F002181BF /* Build configuration list for PBXProject "SpeedDatingScheduler" */;
			developmentRegion = en;
			hasScannedForEncodings = 0;
			knownRegions = (
				en,
				Base,
			);
			mainGroup = 8509BF442D66560F002181BF;
			minimizedProjectReferenceProxies = 1;
			preferredProjectObjectVersion = 77;
			productRefGroup = 8509BF4E2D66560F002181BF /* Products */;
			projectDirPath = "";
			projectRoot = "";
			targets = (
				8509BF4C2D66560F002181BF /* SpeedDatingScheduler */,
				8509BF622D665610002181BF /* SpeedDatingSchedulerTests */,
				8509BF6C2D665610002181BF /* SpeedDatingSchedulerUITests */,
			);
		};
/* End PBXProject section */

/* Begin PBXResourcesBuildPhase section */
		8509BF4B2D66560F002181BF /* Resources */ = {
			isa = PBXResourcesBuildPhase;
			buildActionMask = 2147483647;
			files = (
			);
			runOnlyForDeploymentPostprocessing = 0;
		};
		8509BF612D665610002181BF /* Resources */ = {
			isa = PBXResourcesBuildPhase;
			buildActionMask = 2147483647;
			files = (
			);
			runOnlyForDeploymentPostprocessing = 0;
		};
		8509BF6B2D665610002181BF /* Resources */ = {
			isa = PBXResourcesBuildPhase;
			buildActionMask = 2147483647;
			files = (
			);
			runOnlyForDeploymentPostprocessing = 0;
		};
/* End PBXResourcesBuildPhase section */

/* Begin PBXSourcesBuildPhase section */
		8509BF492D66560F002181BF /* Sources */ = {
			isa = PBXSourcesBuildPhase;
			buildActionMask = 2147483647;
			files = (
			);
			runOnlyForDeploymentPostprocessing = 0;
		};
		8509BF5F2D665610002181BF /* Sources */ = {
			isa = PBXSourcesBuildPhase;
			buildActionMask = 2147483647;
			files = (
			);
			runOnlyForDeploymentPostprocessing = 0;
		};
		8509BF692D665610002181BF /* Sources */ = {
			isa = PBXSourcesBuildPhase;
			buildActionMask = 2147483647;
			files = (
			);
			runOnlyForDeploymentPostprocessing = 0;
		};
/* End PBXSourcesBuildPhase section */

/* Begin PBXTargetDependency section */
		8509BF652D665610002181BF /* PBXTargetDependency */ = {
			isa = PBXTargetDependency;
			target = 8509BF4C2D66560F002181BF /* SpeedDatingScheduler */;
			targetProxy = 8509BF642D665610002181BF /* PBXContainerItemProxy */;
		};
		8509BF6F2D665610002181BF /* PBXTargetDependency */ = {
			isa = PBXTargetDependency;
			target = 8509BF4C2D66560F002181BF /* SpeedDatingScheduler */;
			targetProxy = 8509BF6E2D665610002181BF /* PBXContainerItemProxy */;
		};
/* End PBXTargetDependency section */

/* Begin XCBuildConfiguration section */
		8509BF772D665610002181BF /* Debug */ = {
			isa = XCBuildConfiguration;
			buildSettings = {
				ASSETCATALOG_COMPILER_APPICON_NAME = AppIcon;
				ASSETCATALOG_COMPILER_GLOBAL_ACCENT_COLOR_NAME = AccentColor;
				CODE_SIGN_STYLE = Automatic;
				CURRENT_PROJECT_VERSION = 1;
				GENERATE_INFOPLIST_FILE = YES;
				INFOPLIST_FILE = SpeedDatingScheduler/Info.plist;
				INFOPLIST_KEY_UIApplicationSupportsIndirectInputEvents = YES;
				INFOPLIST_KEY_UILaunchStoryboardName = LaunchScreen;
				INFOPLIST_KEY_UISupportedInterfaceOrientations = "UIInterfaceOrientationLandscapeLeft UIInterfaceOrientationPortrait";
				LD_RUNPATH_SEARCH_PATHS = (
					"$(inherited)",
					"@executable_path/Frameworks",
				);
				MARKETING_VERSION = 1.0;
				PRODUCT_BUNDLE_IDENTIFIER = com.harriet.SpeedDatingScheduler;
				PRODUCT_NAME = "$(TARGET_NAME)";
				SWIFT_EMIT_LOC_STRINGS = YES;
				SWIFT_VERSION = 5.0;
				TARGETED_DEVICE_FAMILY = "1,2";
			};
			name = Debug;
		};
		8509BF782D665610002181BF /* Release */ = {
			isa = XCBuildConfiguration;
			buildSettings = {
				ASSETCATALOG_COMPILER_APPICON_NAME = AppIcon;
				ASSETCATALOG_COMPILER_GLOBAL_ACCENT_COLOR_NAME = AccentColor;
				CODE_SIGN_STYLE = Automatic;
				CURRENT_PROJECT_VERSION = 1;
				GENERATE_INFOPLIST_FILE = YES;
				INFOPLIST_FILE = SpeedDatingScheduler/Info.plist;
				INFOPLIST_KEY_UIApplicationSupportsIndirectInputEvents = YES;
				INFOPLIST_KEY_UILaunchStoryboardName = LaunchScreen;
				INFOPLIST_KEY_UISupportedInterfaceOrientations = "UIInterfaceOrientationLandscapeLeft UIInterfaceOrientationPortrait";
				LD_RUNPATH_SEARCH_PATHS = (
					"$(inherited)",
					"@executable_path/Frameworks",
				);
				MARKETING_VERSION = 1.0;
				PRODUCT_BUNDLE_IDENTIFIER = com.harriet.SpeedDatingScheduler;
				PRODUCT_NAME = "$(TARGET_NAME)";
				SWIFT_EMIT_LOC_STRINGS = YES;
				SWIFT_VERSION = 5.0;
				TARGETED_DEVICE_FAMILY = "1,2";
			};
			name = Release;
		};
		8509BF792D665610002181BF /* Debug */ = {
			isa = XCBuildConfiguration;
			buildSettings = {
				ALWAYS_SEARCH_USER_PATHS = NO;
				ASSETCATALOG_COMPILER_GENERATE_SWIFT_ASSET_SYMBOL_EXTENSIONS = YES;
				CLANG_ANALYZER_NONNULL = YES;
				CLANG_ANALYZER_NUMBER_OBJECT_CONVERSION = YES_AGGRESSIVE;
				CLANG_CXX_LANGUAGE_STANDARD = "gnu++20";
				CLANG_ENABLE_MODULES = YES;
				CLANG_ENABLE_OBJC_ARC = YES;
				CLANG_ENABLE_OBJC_WEAK = YES;
				CLANG_WARN_BLOCK_CAPTURE_AUTORELEASING = YES;
				CLANG_WARN_BOOL_CONVERSION = YES;
				CLANG_WARN_COMMA = YES;
				CLANG_WARN_CONSTANT_CONVERSION = YES;
				CLANG_WARN_DEPRECATED_OBJC_IMPLEMENTATIONS = YES;
				CLANG_WARN_DIRECT_OBJC_ISA_USAGE = YES_ERROR;
				CLANG_WARN_DOCUMENTATION_COMMENTS = YES;
				CLANG_WARN_EMPTY_BODY = YES;
				CLANG_WARN_ENUM_CONVERSION = YES;
				CLANG_WARN_INFINITE_RECURSION = YES;
				CLANG_WARN_INT_CONVERSION = YES;
				CLANG_WARN_NON_LITERAL_NULL_CONVERSION = YES;
				CLANG_WARN_OBJC_IMPLICIT_RETAIN_SELF = YES;
				CLANG_WARN_OBJC_LITERAL_CONVERSION = YES;
				CLANG_WARN_OBJC_ROOT_CLASS = YES_ERROR;
				CLANG_WARN_QUOTED_INCLUDE_IN_FRAMEWORK_HEADER = YES;
				CLANG_WARN_RANGE_LOOP_ANALYSIS = YES;
				CLANG_WARN_STRICT_PROTOTYPES = YES;
				CLANG_WARN_SUSPICIOUS_MOVE = YES;
				CLANG_WARN_UNGUARDED_AVAILABILITY = YES_AGGRESSIVE;
				CLANG_WARN_UNREACHABLE_CODE = YES;
				CLANG_WARN__DUPLICATE_METHOD_MATCH = YES;
				COPY_PHASE_STRIP = NO;
				DEBUG_INFORMATION_FORMAT = dwarf;
				ENABLE_STRICT_OBJC_MSGSEND = YES;
				ENABLE_TESTABILITY = YES;
				ENABLE_USER_SCRIPT_SANDBOXING = YES;
				GCC_C_LANGUAGE_STANDARD = gnu17;
				GCC_DYNAMIC_NO_PIC = NO;
				GCC_NO_COMMON_BLOCKS = YES;
				GCC_OPTIMIZATION_LEVEL = 0;
				GCC_PREPROCESSOR_DEFINITIONS = (
					"DEBUG=1",
					"$(inherited)",
				);
				GCC_WARN_64_TO_32_BIT_CONVERSION = YES;
				GCC_WARN_ABOUT_RETURN_TYPE = YES_ERROR;
				GCC_WARN_UNDECLARED_SELECTOR = YES;
				GCC_WARN_UNINITIALIZED_AUTOS = YES_AGGRESSIVE;
				GCC_WARN_UNUSED_FUNCTION = YES;
				GCC_WARN_UNUSED_VARIABLE = YES;
				IPHONEOS_DEPLOYMENT_TARGET = 18.1;
				LOCALIZATION_PREFERS_STRING_CATALOGS = YES;
				MTL_ENABLE_DEBUG_INFO = INCLUDE_SOURCE;
				MTL_FAST_MATH = YES;
				ONLY_ACTIVE_ARCH = YES;
				SDKROOT = iphoneos;
				SWIFT_ACTIVE_COMPILATION_CONDITIONS = "DEBUG $(inherited)";
				SWIFT_OPTIMIZATION_LEVEL = "-Onone";
			};
			name = Debug;
		};
		8509BF7A2D665610002181BF /* Release */ = {
			isa = XCBuildConfiguration;
			buildSettings = {
				ALWAYS_SEARCH_USER_PATHS = NO;
				ASSETCATALOG_COMPILER_GENERATE_SWIFT_ASSET_SYMBOL_EXTENSIONS = YES;
				CLANG_ANALYZER_NONNULL = YES;
				CLANG_ANALYZER_NUMBER_OBJECT_CONVERSION = YES_AGGRESSIVE;
				CLANG_CXX_LANGUAGE_STANDARD = "gnu++20";
				CLANG_ENABLE_MODULES = YES;
				CLANG_ENABLE_OBJC_ARC = YES;
				CLANG_ENABLE_OBJC_WEAK = YES;
				CLANG_WARN_BLOCK_CAPTURE_AUTORELEASING = YES;
				CLANG_WARN_BOOL_CONVERSION = YES;
				CLANG_WARN_COMMA = YES;
				CLANG_WARN_CONSTANT_CONVERSION = YES;
				CLANG_WARN_DEPRECATED_OBJC_IMPLEMENTATIONS = YES;
				CLANG_WARN_DIRECT_OBJC_ISA_USAGE = YES_ERROR;
				CLANG_WARN_DOCUMENTATION_COMMENTS = YES;
				CLANG_WARN_EMPTY_BODY = YES;
				CLANG_WARN_ENUM_CONVERSION = YES;
				CLANG_WARN_INFINITE_RECURSION = YES;
				CLANG_WARN_INT_CONVERSION = YES;
				CLANG_WARN_NON_LITERAL_NULL_CONVERSION = YES;
				CLANG_WARN_OBJC_IMPLICIT_RETAIN_SELF = YES;
				CLANG_WARN_OBJC_LITERAL_CONVERSION = YES;
				CLANG_WARN_OBJC_ROOT_CLASS = YES_ERROR;
				CLANG_WARN_QUOTED_INCLUDE_IN_FRAMEWORK_HEADER = YES;
				CLANG_WARN_RANGE_LOOP_ANALYSIS = YES;
				CLANG_WARN_STRICT_PROTOTYPES = YES;
				CLANG_WARN_SUSPICIOUS_MOVE = YES;
				CLANG_WARN_UNGUARDED_AVAILABILITY = YES_AGGRESSIVE;
				CLANG_WARN_UNREACHABLE_CODE = YES;
				CLANG_WARN__DUPLICATE_METHOD_MATCH = YES;
				COPY_PHASE_STRIP = NO;
				DEBUG_INFORMATION_FORMAT = "dwarf-with-dsym";
				ENABLE_NS_ASSERTIONS = NO;
				ENABLE_STRICT_OBJC_MSGSEND = YES;
				ENABLE_USER_SCRIPT_SANDBOXING = YES;
				GCC_C_LANGUAGE_STANDARD = gnu17;
				GCC_NO_COMMON_BLOCKS = YES;
				GCC_WARN_64_TO_32_BIT_CONVERSION = YES;
				GCC_WARN_ABOUT_RETURN_TYPE = YES_ERROR;
				GCC_WARN_UNDECLARED_SELECTOR = YES;
				GCC_WARN_UNINITIALIZED_AUTOS = YES_AGGRESSIVE;
				GCC_WARN_UNUSED_FUNCTION = YES;
				GCC_WARN_UNUSED_VARIABLE = YES;
				IPHONEOS_DEPLOYMENT_TARGET = 18.1;
				LOCALIZATION_PREFERS_STRING_CATALOGS = YES;
				MTL_ENABLE_DEBUG_INFO = NO;
				MTL_FAST_MATH = YES;
				SDKROOT = iphoneos;
				SWIFT_COMPILATION_MODE = wholemodule;
				VALIDATE_PRODUCT = YES;
			};
			name = Release;
		};
		8509BF7C2D665610002181BF /* Debug */ = {
			isa = XCBuildConfiguration;
			buildSettings = {
				BUNDLE_LOADER = "$(TEST_HOST)";
				CODE_SIGN_STYLE = Automatic;
				CURRENT_PROJECT_VERSION = 1;
				GENERATE_INFOPLIST_FILE = YES;
				IPHONEOS_DEPLOYMENT_TARGET = 18.1;
				MARKETING_VERSION = 1.0;
				PRODUCT_BUNDLE_IDENTIFIER = com.harriet.SpeedDatingSchedulerTests;
				PRODUCT_NAME = "$(TARGET_NAME)";
				SWIFT_EMIT_LOC_STRINGS = NO;
				SWIFT_VERSION = 5.0;
				TARGETED_DEVICE_FAMILY = "1,2";
				TEST_HOST = "$(BUILT_PRODUCTS_DIR)/SpeedDatingScheduler.app/$(BUNDLE_EXECUTABLE_FOLDER_PATH)/SpeedDatingScheduler";
			};
			name = Debug;
		};
		8509BF7D2D665610002181BF /* Release */ = {
			isa = XCBuildConfiguration;
			buildSettings = {
				BUNDLE_LOADER = "$(TEST_HOST)";
				CODE_SIGN_STYLE = Automatic;
				CURRENT_PROJECT_VERSION = 1;
				GENERATE_INFOPLIST_FILE = YES;
				IPHONEOS_DEPLOYMENT_TARGET = 18.1;
				MARKETING_VERSION = 1.0;
				PRODUCT_BUNDLE_IDENTIFIER = com.harriet.SpeedDatingSchedulerTests;
				PRODUCT_NAME = "$(TARGET_NAME)";
				SWIFT_EMIT_LOC_STRINGS = NO;
				SWIFT_VERSION = 5.0;
				TARGETED_DEVICE_FAMILY = "1,2";
				TEST_HOST = "$(BUILT_PRODUCTS_DIR)/SpeedDatingScheduler.app/$(BUNDLE_EXECUTABLE_FOLDER_PATH)/SpeedDatingScheduler";
			};
			name = Release;
		};
		8509BF7F2D665610002181BF /* Debug */ = {
			isa = XCBuildConfiguration;
			buildSettings = {
				CODE_SIGN_STYLE = Automatic;
				CURRENT_PROJECT_VERSION = 1;
				GENERATE_INFOPLIST_FILE = YES;
				MARKETING_VERSION = 1.0;
				PRODUCT_BUNDLE_IDENTIFIER = com.harriet.SpeedDatingSchedulerUITests;
				PRODUCT_NAME = "$(TARGET_NAME)";
				SWIFT_EMIT_LOC_STRINGS = NO;
				SWIFT_VERSION = 5.0;
				TARGETED_DEVICE_FAMILY = "1,2";
				TEST_TARGET_NAME = SpeedDatingScheduler;
			};
			name = Debug;
		};
		8509BF802D665610002181BF /* Release */ = {
			isa = XCBuildConfiguration;
			buildSettings = {
				CODE_SIGN_STYLE = Automatic;
				CURRENT_PROJECT_VERSION = 1;
				GENERATE_INFOPLIST_FILE = YES;
				MARKETING_VERSION = 1.0;
				PRODUCT_BUNDLE_IDENTIFIER = com.harriet.SpeedDatingSchedulerUITests;
				PRODUCT_NAME = "$(TARGET_NAME)";
				SWIFT_EMIT_LOC_STRINGS = NO;
				SWIFT_VERSION = 5.0;
				TARGETED_DEVICE_FAMILY = "1,2";
				TEST_TARGET_NAME = SpeedDatingScheduler;
			};
			name = Release;
		};
/* End XCBuildConfiguration section */

/* Begin XCConfigurationList section */
		8509BF482D66560F002181BF /* Build configuration list for PBXProject "SpeedDatingScheduler" */ = {
			isa = XCConfigurationList;
			buildConfigurations = (
				8509BF792D665610002181BF /* Debug */,
				8509BF7A2D665610002181BF /* Release */,
			);
			defaultConfigurationIsVisible = 0;
			defaultConfigurationName = Release;
		};
		8509BF762D665610002181BF /* Build configuration list for PBXNativeTarget "SpeedDatingScheduler" */ = {
			isa = XCConfigurationList;
			buildConfigurations = (
				8509BF772D665610002181BF /* Debug */,
				8509BF782D665610002181BF /* Release */,
			);
			defaultConfigurationIsVisible = 0;
			defaultConfigurationName = Release;
		};
		8509BF7B2D665610002181BF /* Build configuration list for PBXNativeTarget "SpeedDatingSchedulerTests" */ = {
			isa = XCConfigurationList;
			buildConfigurations = (
				8509BF7C2D665610002181BF /* Debug */,
				8509BF7D2D665610002181BF /* Release */,
			);
			defaultConfigurationIsVisible = 0;
			defaultConfigurationName = Release;
		};
		8509BF7E2D665610002181BF /* Build configuration list for PBXNativeTarget "SpeedDatingSchedulerUITests" */ = {
			isa = XCConfigurationList;
			buildConfigurations = (
				8509BF7F2D665610002181BF /* Debug */,
				8509BF802D665610002181BF /* Release */,
			);
			defaultConfigurationIsVisible = 0;
			defaultConfigurationName = Release;
		};
/* End XCConfigurationList section */
	};
	rootObject = 8509BF452D66560F002181BF /* Project object */;
}
